
Microsoft Visual Studio Solution File, Format Version 12.00
# Visual Studio Version 17
VisualStudioVersion = 17.5.002.0
MinimumVisualStudioVersion = 10.0.40219.1
Project("{9A19103F-16F7-4668-BE54-9A1E7A4F7556}") = "Threading", "Threading.csproj", "{5B52D3FC-418E-485D-96F3-2EE07E3D0C5F}"
EndProject
Global
	GlobalSection(SolutionConfigurationPlatforms) = preSolution
		Debug|Any CPU = Debug|Any CPU
		Release|Any CPU = Release|Any CPU
	EndGlobalSection
	GlobalSection(ProjectConfigurationPlatforms) = postSolution
		{5B52D3FC-418E-485D-96F3-2EE07E3D0C5F}.Debug|Any CPU.ActiveCfg = Debug|Any CPU
		{5B52D3FC-418E-485D-96F3-2EE07E3D0C5F}.Debug|Any CPU.Build.0 = Debug|Any CPU
		{5B52D3FC-418E-485D-96F3-2EE07E3D0C5F}.Release|Any CPU.ActiveCfg = Release|Any CPU
		{5B52D3FC-418E-485D-96F3-2EE07E3D0C5F}.Release|Any CPU.Build.0 = Release|Any CPU
	EndGlobalSection
	GlobalSection(SolutionProperties) = preSolution
		HideSolutionNode = FALSE
	EndGlobalSection
	GlobalSection(ExtensibilityGlobals) = postSolution
		SolutionGuid = {14BD8A23-7692-4FF4-A1F5-27FB1F9CC1DB}
	EndGlobalSection
EndGlobal
